
Microsoft Visual Studio Solution File, Format Version 12.00
# Visual Studio Version 16
VisualStudioVersion = 16.0.35229.62
MinimumVisualStudioVersion = 10.0.40219.1
Project("{FAE04EC0-301F-11D3-BF4B-00C04F79EFBC}") = "Extension_Methods", "Extension_Methods\Extension_Methods.csproj", "{52DD2A12-6ED7-4FC3-8CA5-0BBF79B7E7F0}"
EndProject
Global
	GlobalSection(SolutionConfigurationPlatforms) = preSolution
		Debug|Any CPU = Debug|Any CPU
		Release|Any CPU = Release|Any CPU
	EndGlobalSection
	GlobalSection(ProjectConfigurationPlatforms) = postSolution
		{52DD2A12-6ED7-4FC3-8CA5-0BBF79B7E7F0}.Debug|Any CPU.ActiveCfg = Debug|Any CPU
		{52DD2A12-6ED7-4FC3-8CA5-0BBF79B7E7F0}.Debug|Any CPU.Build.0 = Debug|Any CPU
		{52DD2A12-6ED7-4FC3-8CA5-0BBF79B7E7F0}.Release|Any CPU.ActiveCfg = Release|Any CPU
		{52DD2A12-6ED7-4FC3-8CA5-0BBF79B7E7F0}.Release|Any CPU.Build.0 = Release|Any CPU
	EndGlobalSection
	GlobalSection(SolutionProperties) = preSolution
		HideSolutionNode = FALSE
	EndGlobalSection
	GlobalSection(ExtensibilityGlobals) = postSolution
		SolutionGuid = {A3049D08-DAFE-4196-87E3-F32E3814809D}
	EndGlobalSection
EndGlobal
