
Microsoft Visual Studio Solution File, Format Version 12.00
# Visual Studio Version 16
VisualStudioVersion = 16.0.35229.62
MinimumVisualStudioVersion = 10.0.40219.1
Project("{FAE04EC0-301F-11D3-BF4B-00C04F79EFBC}") = "ArraysListas", "ArraysListas\ArraysListas.csproj", "{DDBF2802-1B6C-47DC-B36E-A39B2177974C}"
EndProject
Global
	GlobalSection(SolutionConfigurationPlatforms) = preSolution
		Debug|Any CPU = Debug|Any CPU
		Release|Any CPU = Release|Any CPU
	EndGlobalSection
	GlobalSection(ProjectConfigurationPlatforms) = postSolution
		{DDBF2802-1B6C-47DC-B36E-A39B2177974C}.Debug|Any CPU.ActiveCfg = Debug|Any CPU
		{DDBF2802-1B6C-47DC-B36E-A39B2177974C}.Debug|Any CPU.Build.0 = Debug|Any CPU
		{DDBF2802-1B6C-47DC-B36E-A39B2177974C}.Release|Any CPU.ActiveCfg = Release|Any CPU
		{DDBF2802-1B6C-47DC-B36E-A39B2177974C}.Release|Any CPU.Build.0 = Release|Any CPU
	EndGlobalSection
	GlobalSection(SolutionProperties) = preSolution
		HideSolutionNode = FALSE
	EndGlobalSection
	GlobalSection(ExtensibilityGlobals) = postSolution
		SolutionGuid = {35ADAFEB-F8B2-4093-A526-8DF633B76D0B}
	EndGlobalSection
EndGlobal
