
Microsoft Visual Studio Solution File, Format Version 12.00
# Visual Studio Version 16
VisualStudioVersion = 16.0.35229.62
MinimumVisualStudioVersion = 10.0.40219.1
Project("{FAE04EC0-301F-11D3-BF4B-00C04F79EFBC}") = "MembrosEstaticos", "MembrosEstaticos\MembrosEstaticos.csproj", "{00B81779-DA56-48A5-B5DD-FE0D55B4D8C8}"
EndProject
Global
	GlobalSection(SolutionConfigurationPlatforms) = preSolution
		Debug|Any CPU = Debug|Any CPU
		Release|Any CPU = Release|Any CPU
	EndGlobalSection
	GlobalSection(ProjectConfigurationPlatforms) = postSolution
		{00B81779-DA56-48A5-B5DD-FE0D55B4D8C8}.Debug|Any CPU.ActiveCfg = Debug|Any CPU
		{00B81779-DA56-48A5-B5DD-FE0D55B4D8C8}.Debug|Any CPU.Build.0 = Debug|Any CPU
		{00B81779-DA56-48A5-B5DD-FE0D55B4D8C8}.Release|Any CPU.ActiveCfg = Release|Any CPU
		{00B81779-DA56-48A5-B5DD-FE0D55B4D8C8}.Release|Any CPU.Build.0 = Release|Any CPU
	EndGlobalSection
	GlobalSection(SolutionProperties) = preSolution
		HideSolutionNode = FALSE
	EndGlobalSection
	GlobalSection(ExtensibilityGlobals) = postSolution
		SolutionGuid = {CBDBE4F9-5D51-4F0C-AD5A-351A9CCB6665}
	EndGlobalSection
EndGlobal
