
Microsoft Visual Studio Solution File, Format Version 12.00
# Visual Studio Version 16
VisualStudioVersion = 16.0.35229.62
MinimumVisualStudioVersion = 10.0.40219.1
Project("{FAE04EC0-301F-11D3-BF4B-00C04F79EFBC}") = "Composition", "Composition\Composition.csproj", "{7A8E4D6E-C350-4AA3-A1B5-0EFB79089AD9}"
EndProject
Global
	GlobalSection(SolutionConfigurationPlatforms) = preSolution
		Debug|Any CPU = Debug|Any CPU
		Release|Any CPU = Release|Any CPU
	EndGlobalSection
	GlobalSection(ProjectConfigurationPlatforms) = postSolution
		{7A8E4D6E-C350-4AA3-A1B5-0EFB79089AD9}.Debug|Any CPU.ActiveCfg = Debug|Any CPU
		{7A8E4D6E-C350-4AA3-A1B5-0EFB79089AD9}.Debug|Any CPU.Build.0 = Debug|Any CPU
		{7A8E4D6E-C350-4AA3-A1B5-0EFB79089AD9}.Release|Any CPU.ActiveCfg = Release|Any CPU
		{7A8E4D6E-C350-4AA3-A1B5-0EFB79089AD9}.Release|Any CPU.Build.0 = Release|Any CPU
	EndGlobalSection
	GlobalSection(SolutionProperties) = preSolution
		HideSolutionNode = FALSE
	EndGlobalSection
	GlobalSection(ExtensibilityGlobals) = postSolution
		SolutionGuid = {7C7B8C3B-2215-43C5-AE63-418AA221FCAB}
	EndGlobalSection
EndGlobal
