
Microsoft Visual Studio Solution File, Format Version 12.00
# Visual Studio Version 16
VisualStudioVersion = 16.0.35229.62
MinimumVisualStudioVersion = 10.0.40219.1
Project("{FAE04EC0-301F-11D3-BF4B-00C04F79EFBC}") = "AlugueQuarto", "AlugueQuarto\AlugueQuarto.csproj", "{DDD5695A-F0EA-4E34-AE16-E8501D063A1A}"
EndProject
Global
	GlobalSection(SolutionConfigurationPlatforms) = preSolution
		Debug|Any CPU = Debug|Any CPU
		Release|Any CPU = Release|Any CPU
	EndGlobalSection
	GlobalSection(ProjectConfigurationPlatforms) = postSolution
		{DDD5695A-F0EA-4E34-AE16-E8501D063A1A}.Debug|Any CPU.ActiveCfg = Debug|Any CPU
		{DDD5695A-F0EA-4E34-AE16-E8501D063A1A}.Debug|Any CPU.Build.0 = Debug|Any CPU
		{DDD5695A-F0EA-4E34-AE16-E8501D063A1A}.Release|Any CPU.ActiveCfg = Release|Any CPU
		{DDD5695A-F0EA-4E34-AE16-E8501D063A1A}.Release|Any CPU.Build.0 = Release|Any CPU
	EndGlobalSection
	GlobalSection(SolutionProperties) = preSolution
		HideSolutionNode = FALSE
	EndGlobalSection
	GlobalSection(ExtensibilityGlobals) = postSolution
		SolutionGuid = {2A7616B7-A8DF-489A-A505-BC0536E16CE7}
	EndGlobalSection
EndGlobal
